
Microsoft Visual Studio Solution File, Format Version 12.00
# Visual Studio Version 16
VisualStudioVersion = 16.0.30804.86
MinimumVisualStudioVersion = 10.0.40219.1
Project("{FAE04EC0-301F-11D3-BF4B-00C04F79EFBC}") = "ContosoUniversity", "ContosoUniversity.csproj", "{274DDC8D-8CEE-463B-A480-D12039462A76}"
EndProject
Global
	GlobalSection(SolutionConfigurationPlatforms) = preSolution
		Debug|Any CPU = Debug|Any CPU
		Release|Any CPU = Release|Any CPU
	EndGlobalSection
	GlobalSection(ProjectConfigurationPlatforms) = postSolution
		{274DDC8D-8CEE-463B-A480-D12039462A76}.Debug|Any CPU.ActiveCfg = Debug|Any CPU
		{274DDC8D-8CEE-463B-A480-D12039462A76}.Debug|Any CPU.Build.0 = Debug|Any CPU
		{274DDC8D-8CEE-463B-A480-D12039462A76}.Release|Any CPU.ActiveCfg = Release|Any CPU
		{274DDC8D-8CEE-463B-A480-D12039462A76}.Release|Any CPU.Build.0 = Release|Any CPU
	EndGlobalSection
	GlobalSection(SolutionProperties) = preSolution
		HideSolutionNode = FALSE
	EndGlobalSection
	GlobalSection(ExtensibilityGlobals) = postSolution
		SolutionGuid = {81D4F6F2-3D78-4754-8C41-399B50AB3A31}
	EndGlobalSection
EndGlobal
